
Microsoft Visual Studio Solution File, Format Version 12.00
# Visual Studio 15
VisualStudioVersion = 15.0.26228.9
MinimumVisualStudioVersion = 10.0.40219.1
Project("{FAE04EC0-301F-11D3-BF4B-00C04F79EFBC}") = "CookieKlikker", "CookieKlikker\CookieKlikker.csproj", "{87FA59B5-87EB-4449-ACE7-6CD57F766C5C}"
EndProject
Project("{FAE04EC0-301F-11D3-BF4B-00C04F79EFBC}") = "HashingProgram", "HashingProgram\HashingProgram.csproj", "{EE97FBB9-4371-41E5-BF59-3742129AC12E}"
EndProject
Project("{FAE04EC0-301F-11D3-BF4B-00C04F79EFBC}") = "BattleSim", "BattleSim\BattleSim.csproj", "{22AB7AF9-E701-42EF-9A1F-11F47A14F227}"
EndProject
Project("{FAE04EC0-301F-11D3-BF4B-00C04F79EFBC}") = "ICat", "ICat\ICat.csproj", "{093AA3DE-7E26-4A7A-9604-8B535396A98D}"
EndProject
Project("{FAE04EC0-301F-11D3-BF4B-00C04F79EFBC}") = "BakkerijGoedGeSpelt", "BakkerijGoedGeSpelt\BakkerijGoedGeSpelt.csproj", "{70513525-55D2-4D2F-868C-A28530A3C000}"
EndProject
Project("{FAE04EC0-301F-11D3-BF4B-00C04F79EFBC}") = "BattleSimTests", "BattleSimTests\BattleSimTests.csproj", "{35E3966C-4CAA-4A0C-9B8F-270F69EBEFBE}"
EndProject
Project("{FAE04EC0-301F-11D3-BF4B-00C04F79EFBC}") = "SpaceMan", "E:\Users\maxhe\Documents\School\Fontys Maatwerk Traject Semester 2\Demo_Opdracht_Spaceman\Demo SpaceMan - Startproject\SpaceMan\SpaceMan.csproj", "{E42E9078-AEE8-4550-A0D4-3F5D5FCAA706}"
EndProject
Project("{FAE04EC0-301F-11D3-BF4B-00C04F79EFBC}") = "Moestuin", "Moestijn\Moestuin.csproj", "{A4595ED5-BC58-41BE-8E34-57B4044467A7}"
EndProject
Project("{FAE04EC0-301F-11D3-BF4B-00C04F79EFBC}") = "SpaceManTests", "E:\Users\maxhe\Documents\School\Fontys Maatwerk Traject Semester 2\Demo_Opdracht_Spaceman\Demo SpaceMan - Startproject\SpaceManTests\SpaceManTests.csproj", "{5713D66D-7390-4E16-BA3D-2035707C4CA0}"
EndProject
Project("{FAE04EC0-301F-11D3-BF4B-00C04F79EFBC}") = "Concertkaartjes", "Concertkaartjes\Concertkaartjes.csproj", "{AF6CE4C2-C23F-4D9C-9CB9-3BD4BCAF1E1C}"
EndProject
Project("{FAE04EC0-301F-11D3-BF4B-00C04F79EFBC}") = "GamesApp", "GamesApp\GamesApp.csproj", "{C0F1E379-5848-4294-B164-9ABBD189CE6F}"
EndProject
Project("{FAE04EC0-301F-11D3-BF4B-00C04F79EFBC}") = "OOP Atleten", "OOP Atleten\OOP Atleten.csproj", "{1DA207D5-1C68-4D13-9E8F-3BEC330CF3FD}"
EndProject
Project("{FAE04EC0-301F-11D3-BF4B-00C04F79EFBC}") = "OOP AtletenTests", "OOP AtletenTests\OOP AtletenTests.csproj", "{2759DAF8-B13D-4D47-B26D-5186423E7406}"
EndProject
Project("{FAE04EC0-301F-11D3-BF4B-00C04F79EFBC}") = "OOP Voetbalvereniging", "OOP Voetbalvereniging\OOP Voetbalvereniging.csproj", "{C7F7B3A6-D9BE-4583-BFEF-AF8EBEEB2CBC}"
EndProject
Project("{FAE04EC0-301F-11D3-BF4B-00C04F79EFBC}") = "MVCoefening", "MVCoefening\MVCoefening.csproj", "{2A2B2688-0B3D-48AD-9BE8-DFBAA5FF0D0E}"
EndProject
Project("{FAE04EC0-301F-11D3-BF4B-00C04F79EFBC}") = "MVCoefening.Tests", "MVCoefening.Tests\MVCoefening.Tests.csproj", "{EFC6CF27-7230-40E7-8B0B-E211A264FEC7}"
EndProject
Global
	GlobalSection(SolutionConfigurationPlatforms) = preSolution
		Debug|Any CPU = Debug|Any CPU
		Release|Any CPU = Release|Any CPU
	EndGlobalSection
	GlobalSection(ProjectConfigurationPlatforms) = postSolution
		{87FA59B5-87EB-4449-ACE7-6CD57F766C5C}.Debug|Any CPU.ActiveCfg = Debug|Any CPU
		{87FA59B5-87EB-4449-ACE7-6CD57F766C5C}.Debug|Any CPU.Build.0 = Debug|Any CPU
		{87FA59B5-87EB-4449-ACE7-6CD57F766C5C}.Release|Any CPU.ActiveCfg = Release|Any CPU
		{87FA59B5-87EB-4449-ACE7-6CD57F766C5C}.Release|Any CPU.Build.0 = Release|Any CPU
		{EE97FBB9-4371-41E5-BF59-3742129AC12E}.Debug|Any CPU.ActiveCfg = Debug|Any CPU
		{EE97FBB9-4371-41E5-BF59-3742129AC12E}.Debug|Any CPU.Build.0 = Debug|Any CPU
		{EE97FBB9-4371-41E5-BF59-3742129AC12E}.Release|Any CPU.ActiveCfg = Release|Any CPU
		{EE97FBB9-4371-41E5-BF59-3742129AC12E}.Release|Any CPU.Build.0 = Release|Any CPU
		{22AB7AF9-E701-42EF-9A1F-11F47A14F227}.Debug|Any CPU.ActiveCfg = Debug|Any CPU
		{22AB7AF9-E701-42EF-9A1F-11F47A14F227}.Debug|Any CPU.Build.0 = Debug|Any CPU
		{22AB7AF9-E701-42EF-9A1F-11F47A14F227}.Release|Any CPU.ActiveCfg = Release|Any CPU
		{22AB7AF9-E701-42EF-9A1F-11F47A14F227}.Release|Any CPU.Build.0 = Release|Any CPU
		{093AA3DE-7E26-4A7A-9604-8B535396A98D}.Debug|Any CPU.ActiveCfg = Debug|Any CPU
		{093AA3DE-7E26-4A7A-9604-8B535396A98D}.Debug|Any CPU.Build.0 = Debug|Any CPU
		{093AA3DE-7E26-4A7A-9604-8B535396A98D}.Release|Any CPU.ActiveCfg = Release|Any CPU
		{093AA3DE-7E26-4A7A-9604-8B535396A98D}.Release|Any CPU.Build.0 = Release|Any CPU
		{70513525-55D2-4D2F-868C-A28530A3C000}.Debug|Any CPU.ActiveCfg = Debug|Any CPU
		{70513525-55D2-4D2F-868C-A28530A3C000}.Debug|Any CPU.Build.0 = Debug|Any CPU
		{70513525-55D2-4D2F-868C-A28530A3C000}.Release|Any CPU.ActiveCfg = Release|Any CPU
		{70513525-55D2-4D2F-868C-A28530A3C000}.Release|Any CPU.Build.0 = Release|Any CPU
		{35E3966C-4CAA-4A0C-9B8F-270F69EBEFBE}.Debug|Any CPU.ActiveCfg = Debug|Any CPU
		{35E3966C-4CAA-4A0C-9B8F-270F69EBEFBE}.Debug|Any CPU.Build.0 = Debug|Any CPU
		{35E3966C-4CAA-4A0C-9B8F-270F69EBEFBE}.Release|Any CPU.ActiveCfg = Release|Any CPU
		{35E3966C-4CAA-4A0C-9B8F-270F69EBEFBE}.Release|Any CPU.Build.0 = Release|Any CPU
		{E42E9078-AEE8-4550-A0D4-3F5D5FCAA706}.Debug|Any CPU.ActiveCfg = Debug|Any CPU
		{E42E9078-AEE8-4550-A0D4-3F5D5FCAA706}.Debug|Any CPU.Build.0 = Debug|Any CPU
		{E42E9078-AEE8-4550-A0D4-3F5D5FCAA706}.Release|Any CPU.ActiveCfg = Release|Any CPU
		{E42E9078-AEE8-4550-A0D4-3F5D5FCAA706}.Release|Any CPU.Build.0 = Release|Any CPU
		{A4595ED5-BC58-41BE-8E34-57B4044467A7}.Debug|Any CPU.ActiveCfg = Debug|Any CPU
		{A4595ED5-BC58-41BE-8E34-57B4044467A7}.Debug|Any CPU.Build.0 = Debug|Any CPU
		{A4595ED5-BC58-41BE-8E34-57B4044467A7}.Release|Any CPU.ActiveCfg = Release|Any CPU
		{A4595ED5-BC58-41BE-8E34-57B4044467A7}.Release|Any CPU.Build.0 = Release|Any CPU
		{5713D66D-7390-4E16-BA3D-2035707C4CA0}.Debug|Any CPU.ActiveCfg = Debug|Any CPU
		{5713D66D-7390-4E16-BA3D-2035707C4CA0}.Debug|Any CPU.Build.0 = Debug|Any CPU
		{5713D66D-7390-4E16-BA3D-2035707C4CA0}.Release|Any CPU.ActiveCfg = Release|Any CPU
		{5713D66D-7390-4E16-BA3D-2035707C4CA0}.Release|Any CPU.Build.0 = Release|Any CPU
		{AF6CE4C2-C23F-4D9C-9CB9-3BD4BCAF1E1C}.Debug|Any CPU.ActiveCfg = Debug|Any CPU
		{AF6CE4C2-C23F-4D9C-9CB9-3BD4BCAF1E1C}.Debug|Any CPU.Build.0 = Debug|Any CPU
		{AF6CE4C2-C23F-4D9C-9CB9-3BD4BCAF1E1C}.Release|Any CPU.ActiveCfg = Release|Any CPU
		{AF6CE4C2-C23F-4D9C-9CB9-3BD4BCAF1E1C}.Release|Any CPU.Build.0 = Release|Any CPU
		{C0F1E379-5848-4294-B164-9ABBD189CE6F}.Debug|Any CPU.ActiveCfg = Debug|Any CPU
		{C0F1E379-5848-4294-B164-9ABBD189CE6F}.Debug|Any CPU.Build.0 = Debug|Any CPU
		{C0F1E379-5848-4294-B164-9ABBD189CE6F}.Release|Any CPU.ActiveCfg = Release|Any CPU
		{C0F1E379-5848-4294-B164-9ABBD189CE6F}.Release|Any CPU.Build.0 = Release|Any CPU
		{1DA207D5-1C68-4D13-9E8F-3BEC330CF3FD}.Debug|Any CPU.ActiveCfg = Debug|Any CPU
		{1DA207D5-1C68-4D13-9E8F-3BEC330CF3FD}.Debug|Any CPU.Build.0 = Debug|Any CPU
		{1DA207D5-1C68-4D13-9E8F-3BEC330CF3FD}.Release|Any CPU.ActiveCfg = Release|Any CPU
		{1DA207D5-1C68-4D13-9E8F-3BEC330CF3FD}.Release|Any CPU.Build.0 = Release|Any CPU
		{2759DAF8-B13D-4D47-B26D-5186423E7406}.Debug|Any CPU.ActiveCfg = Debug|Any CPU
		{2759DAF8-B13D-4D47-B26D-5186423E7406}.Debug|Any CPU.Build.0 = Debug|Any CPU
		{2759DAF8-B13D-4D47-B26D-5186423E7406}.Release|Any CPU.ActiveCfg = Release|Any CPU
		{2759DAF8-B13D-4D47-B26D-5186423E7406}.Release|Any CPU.Build.0 = Release|Any CPU
		{C7F7B3A6-D9BE-4583-BFEF-AF8EBEEB2CBC}.Debug|Any CPU.ActiveCfg = Debug|Any CPU
		{C7F7B3A6-D9BE-4583-BFEF-AF8EBEEB2CBC}.Debug|Any CPU.Build.0 = Debug|Any CPU
		{C7F7B3A6-D9BE-4583-BFEF-AF8EBEEB2CBC}.Release|Any CPU.ActiveCfg = Release|Any CPU
		{C7F7B3A6-D9BE-4583-BFEF-AF8EBEEB2CBC}.Release|Any CPU.Build.0 = Release|Any CPU
		{2A2B2688-0B3D-48AD-9BE8-DFBAA5FF0D0E}.Debug|Any CPU.ActiveCfg = Debug|Any CPU
		{2A2B2688-0B3D-48AD-9BE8-DFBAA5FF0D0E}.Debug|Any CPU.Build.0 = Debug|Any CPU
		{2A2B2688-0B3D-48AD-9BE8-DFBAA5FF0D0E}.Release|Any CPU.ActiveCfg = Release|Any CPU
		{2A2B2688-0B3D-48AD-9BE8-DFBAA5FF0D0E}.Release|Any CPU.Build.0 = Release|Any CPU
		{EFC6CF27-7230-40E7-8B0B-E211A264FEC7}.Debug|Any CPU.ActiveCfg = Debug|Any CPU
		{EFC6CF27-7230-40E7-8B0B-E211A264FEC7}.Debug|Any CPU.Build.0 = Debug|Any CPU
		{EFC6CF27-7230-40E7-8B0B-E211A264FEC7}.Release|Any CPU.ActiveCfg = Release|Any CPU
		{EFC6CF27-7230-40E7-8B0B-E211A264FEC7}.Release|Any CPU.Build.0 = Release|Any CPU
	EndGlobalSection
	GlobalSection(SolutionProperties) = preSolution
		HideSolutionNode = FALSE
	EndGlobalSection
EndGlobal
