
Microsoft Visual Studio Solution File, Format Version 12.00
# Visual Studio 15
VisualStudioVersion = 15.0.26228.9
MinimumVisualStudioVersion = 10.0.40219.1
Project("{FAE04EC0-301F-11D3-BF4B-00C04F79EFBC}") = "CookieKlikker", "CookieKlikker\CookieKlikker.csproj", "{87FA59B5-87EB-4449-ACE7-6CD57F766C5C}"
EndProject
Project("{FAE04EC0-301F-11D3-BF4B-00C04F79EFBC}") = "HashingProgram", "HashingProgram\HashingProgram.csproj", "{EE97FBB9-4371-41E5-BF59-3742129AC12E}"
EndProject
Project("{FAE04EC0-301F-11D3-BF4B-00C04F79EFBC}") = "BattleSim", "BattleSim\BattleSim.csproj", "{22AB7AF9-E701-42EF-9A1F-11F47A14F227}"
EndProject
Project("{FAE04EC0-301F-11D3-BF4B-00C04F79EFBC}") = "ICat", "ICat\ICat.csproj", "{093AA3DE-7E26-4A7A-9604-8B535396A98D}"
EndProject
Project("{FAE04EC0-301F-11D3-BF4B-00C04F79EFBC}") = "BakkerijGoedGeSpelt", "BakkerijGoedGeSpelt\BakkerijGoedGeSpelt.csproj", "{70513525-55D2-4D2F-868C-A28530A3C000}"
EndProject
Project("{FAE04EC0-301F-11D3-BF4B-00C04F79EFBC}") = "BattleSimTests", "BattleSimTests\BattleSimTests.csproj", "{35E3966C-4CAA-4A0C-9B8F-270F69EBEFBE}"
EndProject
Project("{FAE04EC0-301F-11D3-BF4B-00C04F79EFBC}") = "SpaceMan", "E:\Users\maxhe\Documents\School\Fontys Maatwerk Traject Semester 2\Demo_Opdracht_Spaceman\Demo SpaceMan - Startproject\SpaceMan\SpaceMan.csproj", "{E42E9078-AEE8-4550-A0D4-3F5D5FCAA706}"
EndProject
Project("{FAE04EC0-301F-11D3-BF4B-00C04F79EFBC}") = "Moestuin", "Moestijn\Moestuin.csproj", "{A4595ED5-BC58-41BE-8E34-57B4044467A7}"
EndProject
Project("{FAE04EC0-301F-11D3-BF4B-00C04F79EFBC}") = "SpaceManTests", "E:\Users\maxhe\Documents\School\Fontys Maatwerk Traject Semester 2\Demo_Opdracht_Spaceman\Demo SpaceMan - Startproject\SpaceManTests\SpaceManTests.csproj", "{5713D66D-7390-4E16-BA3D-2035707C4CA0}"
EndProject
Global
	GlobalSection(SolutionConfigurationPlatforms) = preSolution
		Debug|Any CPU = Debug|Any CPU
		Release|Any CPU = Release|Any CPU
	EndGlobalSection
	GlobalSection(ProjectConfigurationPlatforms) = postSolution
		{87FA59B5-87EB-4449-ACE7-6CD57F766C5C}.Debug|Any CPU.ActiveCfg = Debug|Any CPU
		{87FA59B5-87EB-4449-ACE7-6CD57F766C5C}.Debug|Any CPU.Build.0 = Debug|Any CPU
		{87FA59B5-87EB-4449-ACE7-6CD57F766C5C}.Release|Any CPU.ActiveCfg = Release|Any CPU
		{87FA59B5-87EB-4449-ACE7-6CD57F766C5C}.Release|Any CPU.Build.0 = Release|Any CPU
		{EE97FBB9-4371-41E5-BF59-3742129AC12E}.Debug|Any CPU.ActiveCfg = Debug|Any CPU
		{EE97FBB9-4371-41E5-BF59-3742129AC12E}.Debug|Any CPU.Build.0 = Debug|Any CPU
		{EE97FBB9-4371-41E5-BF59-3742129AC12E}.Release|Any CPU.ActiveCfg = Release|Any CPU
		{EE97FBB9-4371-41E5-BF59-3742129AC12E}.Release|Any CPU.Build.0 = Release|Any CPU
		{22AB7AF9-E701-42EF-9A1F-11F47A14F227}.Debug|Any CPU.ActiveCfg = Debug|Any CPU
		{22AB7AF9-E701-42EF-9A1F-11F47A14F227}.Debug|Any CPU.Build.0 = Debug|Any CPU
		{22AB7AF9-E701-42EF-9A1F-11F47A14F227}.Release|Any CPU.ActiveCfg = Release|Any CPU
		{22AB7AF9-E701-42EF-9A1F-11F47A14F227}.Release|Any CPU.Build.0 = Release|Any CPU
		{093AA3DE-7E26-4A7A-9604-8B535396A98D}.Debug|Any CPU.ActiveCfg = Debug|Any CPU
		{093AA3DE-7E26-4A7A-9604-8B535396A98D}.Debug|Any CPU.Build.0 = Debug|Any CPU
		{093AA3DE-7E26-4A7A-9604-8B535396A98D}.Release|Any CPU.ActiveCfg = Release|Any CPU
		{093AA3DE-7E26-4A7A-9604-8B535396A98D}.Release|Any CPU.Build.0 = Release|Any CPU
		{70513525-55D2-4D2F-868C-A28530A3C000}.Debug|Any CPU.ActiveCfg = Debug|Any CPU
		{70513525-55D2-4D2F-868C-A28530A3C000}.Debug|Any CPU.Build.0 = Debug|Any CPU
		{70513525-55D2-4D2F-868C-A28530A3C000}.Release|Any CPU.ActiveCfg = Release|Any CPU
		{70513525-55D2-4D2F-868C-A28530A3C000}.Release|Any CPU.Build.0 = Release|Any CPU
		{35E3966C-4CAA-4A0C-9B8F-270F69EBEFBE}.Debug|Any CPU.ActiveCfg = Debug|Any CPU
		{35E3966C-4CAA-4A0C-9B8F-270F69EBEFBE}.Debug|Any CPU.Build.0 = Debug|Any CPU
		{35E3966C-4CAA-4A0C-9B8F-270F69EBEFBE}.Release|Any CPU.ActiveCfg = Release|Any CPU
		{35E3966C-4CAA-4A0C-9B8F-270F69EBEFBE}.Release|Any CPU.Build.0 = Release|Any CPU
		{E42E9078-AEE8-4550-A0D4-3F5D5FCAA706}.Debug|Any CPU.ActiveCfg = Debug|Any CPU
		{E42E9078-AEE8-4550-A0D4-3F5D5FCAA706}.Debug|Any CPU.Build.0 = Debug|Any CPU
		{E42E9078-AEE8-4550-A0D4-3F5D5FCAA706}.Release|Any CPU.ActiveCfg = Release|Any CPU
		{E42E9078-AEE8-4550-A0D4-3F5D5FCAA706}.Release|Any CPU.Build.0 = Release|Any CPU
		{A4595ED5-BC58-41BE-8E34-57B4044467A7}.Debug|Any CPU.ActiveCfg = Debug|Any CPU
		{A4595ED5-BC58-41BE-8E34-57B4044467A7}.Debug|Any CPU.Build.0 = Debug|Any CPU
		{A4595ED5-BC58-41BE-8E34-57B4044467A7}.Release|Any CPU.ActiveCfg = Release|Any CPU
		{A4595ED5-BC58-41BE-8E34-57B4044467A7}.Release|Any CPU.Build.0 = Release|Any CPU
		{5713D66D-7390-4E16-BA3D-2035707C4CA0}.Debug|Any CPU.ActiveCfg = Debug|Any CPU
		{5713D66D-7390-4E16-BA3D-2035707C4CA0}.Debug|Any CPU.Build.0 = Debug|Any CPU
		{5713D66D-7390-4E16-BA3D-2035707C4CA0}.Release|Any CPU.ActiveCfg = Release|Any CPU
		{5713D66D-7390-4E16-BA3D-2035707C4CA0}.Release|Any CPU.Build.0 = Release|Any CPU
	EndGlobalSection
	GlobalSection(SolutionProperties) = preSolution
		HideSolutionNode = FALSE
	EndGlobalSection
EndGlobal
